
Microsoft Visual Studio Solution File, Format Version 12.00
# Visual Studio Version 17
VisualStudioVersion = 17.6.33801.468
MinimumVisualStudioVersion = 10.0.40219.1
Project("{FAE04EC0-301F-11D3-BF4B-00C04F79EFBC}") = "WebApplication2", "WebApplication2\WebApplication2.csproj", "{EC26BA52-ECE3-4F93-A065-4CA98BC103CF}"
EndProject
Global
	GlobalSection(SolutionConfigurationPlatforms) = preSolution
		Debug|Any CPU = Debug|Any CPU
		Release|Any CPU = Release|Any CPU
	EndGlobalSection
	GlobalSection(ProjectConfigurationPlatforms) = postSolution
		{EC26BA52-ECE3-4F93-A065-4CA98BC103CF}.Debug|Any CPU.ActiveCfg = Debug|Any CPU
		{EC26BA52-ECE3-4F93-A065-4CA98BC103CF}.Debug|Any CPU.Build.0 = Debug|Any CPU
		{EC26BA52-ECE3-4F93-A065-4CA98BC103CF}.Release|Any CPU.ActiveCfg = Release|Any CPU
		{EC26BA52-ECE3-4F93-A065-4CA98BC103CF}.Release|Any CPU.Build.0 = Release|Any CPU
	EndGlobalSection
	GlobalSection(SolutionProperties) = preSolution
		HideSolutionNode = FALSE
	EndGlobalSection
	GlobalSection(ExtensibilityGlobals) = postSolution
		SolutionGuid = {282C75D2-ACF4-4571-8224-CB41DE7FD35B}
	EndGlobalSection
EndGlobal
